
Microsoft Visual Studio Solution File, Format Version 12.00
# Visual Studio Version 17
VisualStudioVersion = 17.0.31903.59
MinimumVisualStudioVersion = 10.0.40219.1
Project("{FAE04EC0-301F-11D3-BF4B-00C04F79EFBC}") = "PixelariaEngine.Core", "PixelariaEngine.Core\PixelariaEngine.Core.csproj", "{50906F51-BF0D-4F85-9C31-2B83E5AF91CB}"
EndProject
Project("{FAE04EC0-301F-11D3-BF4B-00C04F79EFBC}") = "PixelariaEngine.Sandbox", "PixelariaEngine.Sandbox\PixelariaEngine.Sandbox.csproj", "{A6AD1C0D-11A4-45BE-83C2-E601C34025AE}"
EndProject
Project("{FAE04EC0-301F-11D3-BF4B-00C04F79EFBC}") = "PixelariaEngine.Tests", "PixelariaEngine.Tests\PixelariaEngine.Tests.csproj", "{8956D720-FE7E-4617-AA1F-5890680B2B91}"
EndProject
Project("{FAE04EC0-301F-11D3-BF4B-00C04F79EFBC}") = "PixelariaEngine.ContentPipelineExtensions", "PixelariaEngine.ContentPipelineExtensions\PixelariaEngine.ContentPipelineExtensions.csproj", "{6A9F3624-04A1-4603-9982-B313543F9F8C}"
EndProject
Global
	GlobalSection(SolutionConfigurationPlatforms) = preSolution
		Debug|Any CPU = Debug|Any CPU
		Release|Any CPU = Release|Any CPU
	EndGlobalSection
	GlobalSection(SolutionProperties) = preSolution
		HideSolutionNode = FALSE
	EndGlobalSection
	GlobalSection(ProjectConfigurationPlatforms) = postSolution
		{50906F51-BF0D-4F85-9C31-2B83E5AF91CB}.Debug|Any CPU.ActiveCfg = Debug|Any CPU
		{50906F51-BF0D-4F85-9C31-2B83E5AF91CB}.Debug|Any CPU.Build.0 = Debug|Any CPU
		{50906F51-BF0D-4F85-9C31-2B83E5AF91CB}.Release|Any CPU.ActiveCfg = Release|Any CPU
		{50906F51-BF0D-4F85-9C31-2B83E5AF91CB}.Release|Any CPU.Build.0 = Release|Any CPU
		{A6AD1C0D-11A4-45BE-83C2-E601C34025AE}.Debug|Any CPU.ActiveCfg = Debug|Any CPU
		{A6AD1C0D-11A4-45BE-83C2-E601C34025AE}.Debug|Any CPU.Build.0 = Debug|Any CPU
		{A6AD1C0D-11A4-45BE-83C2-E601C34025AE}.Release|Any CPU.ActiveCfg = Release|Any CPU
		{A6AD1C0D-11A4-45BE-83C2-E601C34025AE}.Release|Any CPU.Build.0 = Release|Any CPU
		{8956D720-FE7E-4617-AA1F-5890680B2B91}.Debug|Any CPU.ActiveCfg = Debug|Any CPU
		{8956D720-FE7E-4617-AA1F-5890680B2B91}.Debug|Any CPU.Build.0 = Debug|Any CPU
		{8956D720-FE7E-4617-AA1F-5890680B2B91}.Release|Any CPU.ActiveCfg = Release|Any CPU
		{8956D720-FE7E-4617-AA1F-5890680B2B91}.Release|Any CPU.Build.0 = Release|Any CPU
		{6A9F3624-04A1-4603-9982-B313543F9F8C}.Debug|Any CPU.ActiveCfg = Debug|Any CPU
		{6A9F3624-04A1-4603-9982-B313543F9F8C}.Debug|Any CPU.Build.0 = Debug|Any CPU
		{6A9F3624-04A1-4603-9982-B313543F9F8C}.Release|Any CPU.ActiveCfg = Release|Any CPU
		{6A9F3624-04A1-4603-9982-B313543F9F8C}.Release|Any CPU.Build.0 = Release|Any CPU
	EndGlobalSection
EndGlobal
